
Microsoft Visual Studio Solution File, Format Version 12.00
# Visual Studio Version 17
VisualStudioVersion = 17.13.35931.197 d17.13
MinimumVisualStudioVersion = 10.0.40219.1
Project("{8BC9CEB8-8B4A-11D0-8D11-00A0C91BC942}") = "mvr", "mvr\mvr.vcxproj", "{2E991EA1-6D09-418C-B86C-11F4B7116C51}"
EndProject
Global
	GlobalSection(SolutionConfigurationPlatforms) = preSolution
		Debug|x64 = Debug|x64
		Debug|x86 = Debug|x86
		Release|x64 = Release|x64
		Release|x86 = Release|x86
	EndGlobalSection
	GlobalSection(ProjectConfigurationPlatforms) = postSolution
		{2E991EA1-6D09-418C-B86C-11F4B7116C51}.Debug|x64.ActiveCfg = Debug|x64
		{2E991EA1-6D09-418C-B86C-11F4B7116C51}.Debug|x64.Build.0 = Debug|x64
		{2E991EA1-6D09-418C-B86C-11F4B7116C51}.Debug|x86.ActiveCfg = Debug|Win32
		{2E991EA1-6D09-418C-B86C-11F4B7116C51}.Debug|x86.Build.0 = Debug|Win32
		{2E991EA1-6D09-418C-B86C-11F4B7116C51}.Release|x64.ActiveCfg = Release|x64
		{2E991EA1-6D09-418C-B86C-11F4B7116C51}.Release|x64.Build.0 = Release|x64
		{2E991EA1-6D09-418C-B86C-11F4B7116C51}.Release|x86.ActiveCfg = Release|Win32
		{2E991EA1-6D09-418C-B86C-11F4B7116C51}.Release|x86.Build.0 = Release|Win32
	EndGlobalSection
	GlobalSection(SolutionProperties) = preSolution
		HideSolutionNode = FALSE
	EndGlobalSection
	GlobalSection(ExtensibilityGlobals) = postSolution
		SolutionGuid = {40BB536F-F8EF-414E-B3C9-06999C343E4E}
	EndGlobalSection
EndGlobal
